
Microsoft Visual Studio Solution File, Format Version 12.00
# Visual Studio Version 17
VisualStudioVersion = 17.12.35728.132
MinimumVisualStudioVersion = 10.0.40219.1
Project("{FAE04EC0-301F-11D3-BF4B-00C04F79EFBC}") = "MeusAnimesAPI", "MeusAnimesAPI\MeusAnimesAPI.csproj", "{D06F2F15-297B-45D2-AF42-F692555079F2}"
EndProject
Project("{FAE04EC0-301F-11D3-BF4B-00C04F79EFBC}") = "Domain", "Domain\Domain.csproj", "{3C87A153-7146-41D9-981E-027465DC1DF2}"
EndProject
Project("{FAE04EC0-301F-11D3-BF4B-00C04F79EFBC}") = "Application", "Application\Application.csproj", "{07DC7974-337E-4283-9701-9A64AC3BB9B7}"
EndProject
Project("{FAE04EC0-301F-11D3-BF4B-00C04F79EFBC}") = "Infrastructure", "Infrastructure\Infrastructure.csproj", "{D8722A82-3744-4298-8E67-03E698D06441}"
EndProject
Project("{FAE04EC0-301F-11D3-BF4B-00C04F79EFBC}") = "MeusAnimesAPI.Tests", "MeusAnimesAPI.Tests\MeusAnimesAPI.Tests.csproj", "{1C5321BB-2E4D-4A0B-B5B5-665281628AAD}"
EndProject
Global
	GlobalSection(SolutionConfigurationPlatforms) = preSolution
		Debug|Any CPU = Debug|Any CPU
		Release|Any CPU = Release|Any CPU
	EndGlobalSection
	GlobalSection(ProjectConfigurationPlatforms) = postSolution
		{D06F2F15-297B-45D2-AF42-F692555079F2}.Debug|Any CPU.ActiveCfg = Debug|Any CPU
		{D06F2F15-297B-45D2-AF42-F692555079F2}.Debug|Any CPU.Build.0 = Debug|Any CPU
		{D06F2F15-297B-45D2-AF42-F692555079F2}.Release|Any CPU.ActiveCfg = Release|Any CPU
		{D06F2F15-297B-45D2-AF42-F692555079F2}.Release|Any CPU.Build.0 = Release|Any CPU
		{3C87A153-7146-41D9-981E-027465DC1DF2}.Debug|Any CPU.ActiveCfg = Debug|Any CPU
		{3C87A153-7146-41D9-981E-027465DC1DF2}.Debug|Any CPU.Build.0 = Debug|Any CPU
		{3C87A153-7146-41D9-981E-027465DC1DF2}.Release|Any CPU.ActiveCfg = Release|Any CPU
		{3C87A153-7146-41D9-981E-027465DC1DF2}.Release|Any CPU.Build.0 = Release|Any CPU
		{07DC7974-337E-4283-9701-9A64AC3BB9B7}.Debug|Any CPU.ActiveCfg = Debug|Any CPU
		{07DC7974-337E-4283-9701-9A64AC3BB9B7}.Debug|Any CPU.Build.0 = Debug|Any CPU
		{07DC7974-337E-4283-9701-9A64AC3BB9B7}.Release|Any CPU.ActiveCfg = Release|Any CPU
		{07DC7974-337E-4283-9701-9A64AC3BB9B7}.Release|Any CPU.Build.0 = Release|Any CPU
		{D8722A82-3744-4298-8E67-03E698D06441}.Debug|Any CPU.ActiveCfg = Debug|Any CPU
		{D8722A82-3744-4298-8E67-03E698D06441}.Debug|Any CPU.Build.0 = Debug|Any CPU
		{D8722A82-3744-4298-8E67-03E698D06441}.Release|Any CPU.ActiveCfg = Release|Any CPU
		{D8722A82-3744-4298-8E67-03E698D06441}.Release|Any CPU.Build.0 = Release|Any CPU
		{1C5321BB-2E4D-4A0B-B5B5-665281628AAD}.Debug|Any CPU.ActiveCfg = Debug|Any CPU
		{1C5321BB-2E4D-4A0B-B5B5-665281628AAD}.Debug|Any CPU.Build.0 = Debug|Any CPU
		{1C5321BB-2E4D-4A0B-B5B5-665281628AAD}.Release|Any CPU.ActiveCfg = Release|Any CPU
		{1C5321BB-2E4D-4A0B-B5B5-665281628AAD}.Release|Any CPU.Build.0 = Release|Any CPU
	EndGlobalSection
	GlobalSection(SolutionProperties) = preSolution
		HideSolutionNode = FALSE
	EndGlobalSection
EndGlobal
